// !$*UTF8*$!
{
	archiveVersion = 1;
	classes = {
	};
	objectVersion = 46;
	objects = {

/* Begin PBXBuildFile section */
		097E58641A7836A000BCDA16 /* MMNavigationHeaderView.m in Sources */ = {isa = PBXBuildFile; fileRef = 097E58631A7836A000BCDA16 /* MMNavigationHeaderView.m */; };
		0986F5171A78774A00BBA5FC /* MMNavigationFooterView.m in Sources */ = {isa = PBXBuildFile; fileRef = 0986F5161A78774A00BBA5FC /* MMNavigationFooterView.m */; };
		09BBA87D1A800AFE009634F0 /* MMDecelerationAnimator.m in Sources */ = {isa = PBXBuildFile; fileRef = 09BBA87C1A800AFE009634F0 /* MMDecelerationAnimator.m */; };
		09C9EA9D1A635E77009081BF /* main.m in Sources */ = {isa = PBXBuildFile; fileRef = 09C9EA9C1A635E77009081BF /* main.m */; };
		09C9EAA01A635E77009081BF /* AppDelegate.m in Sources */ = {isa = PBXBuildFile; fileRef = 09C9EA9F1A635E77009081BF /* AppDelegate.m */; };
		09C9EAA31A635E77009081BF /* ViewController.m in Sources */ = {isa = PBXBuildFile; fileRef = 09C9EAA21A635E77009081BF /* ViewController.m */; };
		09C9EAA81A635E77009081BF /* Images.xcassets in Resources */ = {isa = PBXBuildFile; fileRef = 09C9EAA71A635E77009081BF /* Images.xcassets */; };
		09C9EAB71A635E77009081BF /* MMNavigationControllerTests.m in Sources */ = {isa = PBXBuildFile; fileRef = 09C9EAB61A635E77009081BF /* MMNavigationControllerTests.m */; };
		09C9EAC21A635F0A009081BF /* MMNavigationController.m in Sources */ = {isa = PBXBuildFile; fileRef = 09C9EAC11A635F0A009081BF /* MMNavigationController.m */; };
		09C9EAC51A636514009081BF /* MMSnapScrollView.m in Sources */ = {isa = PBXBuildFile; fileRef = 09C9EAC41A636514009081BF /* MMSnapScrollView.m */; };
/* End PBXBuildFile section */

/* Begin PBXContainerItemProxy section */
		09C9EAB11A635E77009081BF /* PBXContainerItemProxy */ = {
			isa = PBXContainerItemProxy;
			containerPortal = 09C9EA8F1A635E77009081BF /* Project object */;
			proxyType = 1;
			remoteGlobalIDString = 09C9EA961A635E77009081BF;
			remoteInfo = MMNavigationController;
		};
/* End PBXContainerItemProxy section */

/* Begin PBXFileReference section */
		097E58621A7836A000BCDA16 /* MMNavigationHeaderView.h */ = {isa = PBXFileReference; fileEncoding = 4; lastKnownFileType = sourcecode.c.h; path = MMNavigationHeaderView.h; sourceTree = "<group>"; };
		097E58631A7836A000BCDA16 /* MMNavigationHeaderView.m */ = {isa = PBXFileReference; fileEncoding = 4; lastKnownFileType = sourcecode.c.objc; path = MMNavigationHeaderView.m; sourceTree = "<group>"; };
		0986F5151A78774A00BBA5FC /* MMNavigationFooterView.h */ = {isa = PBXFileReference; fileEncoding = 4; lastKnownFileType = sourcecode.c.h; path = MMNavigationFooterView.h; sourceTree = "<group>"; };
		0986F5161A78774A00BBA5FC /* MMNavigationFooterView.m */ = {isa = PBXFileReference; fileEncoding = 4; lastKnownFileType = sourcecode.c.objc; path = MMNavigationFooterView.m; sourceTree = "<group>"; };
		09BBA87B1A800AFE009634F0 /* MMDecelerationAnimator.h */ = {isa = PBXFileReference; fileEncoding = 4; lastKnownFileType = sourcecode.c.h; path = MMDecelerationAnimator.h; sourceTree = "<group>"; };
		09BBA87C1A800AFE009634F0 /* MMDecelerationAnimator.m */ = {isa = PBXFileReference; fileEncoding = 4; lastKnownFileType = sourcecode.c.objc; path = MMDecelerationAnimator.m; sourceTree = "<group>"; };
		09C9EA971A635E77009081BF /* MMNavigationController.app */ = {isa = PBXFileReference; explicitFileType = wrapper.application; includeInIndex = 0; path = MMNavigationController.app; sourceTree = BUILT_PRODUCTS_DIR; };
		09C9EA9B1A635E77009081BF /* Info.plist */ = {isa = PBXFileReference; lastKnownFileType = text.plist.xml; path = Info.plist; sourceTree = "<group>"; };
		09C9EA9C1A635E77009081BF /* main.m */ = {isa = PBXFileReference; lastKnownFileType = sourcecode.c.objc; path = main.m; sourceTree = "<group>"; };
		09C9EA9E1A635E77009081BF /* AppDelegate.h */ = {isa = PBXFileReference; lastKnownFileType = sourcecode.c.h; path = AppDelegate.h; sourceTree = "<group>"; };
		09C9EA9F1A635E77009081BF /* AppDelegate.m */ = {isa = PBXFileReference; lastKnownFileType = sourcecode.c.objc; path = AppDelegate.m; sourceTree = "<group>"; };
		09C9EAA11A635E77009081BF /* ViewController.h */ = {isa = PBXFileReference; lastKnownFileType = sourcecode.c.h; path = ViewController.h; sourceTree = "<group>"; };
		09C9EAA21A635E77009081BF /* ViewController.m */ = {isa = PBXFileReference; lastKnownFileType = sourcecode.c.objc; path = ViewController.m; sourceTree = "<group>"; };
		09C9EAA71A635E77009081BF /* Images.xcassets */ = {isa = PBXFileReference; lastKnownFileType = folder.assetcatalog; path = Images.xcassets; sourceTree = "<group>"; };
		09C9EAB01A635E77009081BF /* MMNavigationControllerTests.xctest */ = {isa = PBXFileReference; explicitFileType = wrapper.cfbundle; includeInIndex = 0; path = MMNavigationControllerTests.xctest; sourceTree = BUILT_PRODUCTS_DIR; };
		09C9EAB51A635E77009081BF /* Info.plist */ = {isa = PBXFileReference; lastKnownFileType = text.plist.xml; path = Info.plist; sourceTree = "<group>"; };
		09C9EAB61A635E77009081BF /* MMNavigationControllerTests.m */ = {isa = PBXFileReference; lastKnownFileType = sourcecode.c.objc; path = MMNavigationControllerTests.m; sourceTree = "<group>"; };
		09C9EAC01A635F0A009081BF /* MMNavigationController.h */ = {isa = PBXFileReference; fileEncoding = 4; lastKnownFileType = sourcecode.c.h; path = MMNavigationController.h; sourceTree = "<group>"; };
		09C9EAC11A635F0A009081BF /* MMNavigationController.m */ = {isa = PBXFileReference; fileEncoding = 4; lastKnownFileType = sourcecode.c.objc; path = MMNavigationController.m; sourceTree = "<group>"; };
		09C9EAC31A636514009081BF /* MMSnapScrollView.h */ = {isa = PBXFileReference; fileEncoding = 4; lastKnownFileType = sourcecode.c.h; path = MMSnapScrollView.h; sourceTree = "<group>"; };
		09C9EAC41A636514009081BF /* MMSnapScrollView.m */ = {isa = PBXFileReference; fileEncoding = 4; lastKnownFileType = sourcecode.c.objc; path = MMSnapScrollView.m; sourceTree = "<group>"; };
/* End PBXFileReference section */

/* Begin PBXFrameworksBuildPhase section */
		09C9EA941A635E77009081BF /* Frameworks */ = {
			isa = PBXFrameworksBuildPhase;
			buildActionMask = 2147483647;
			files = (
			);
			runOnlyForDeploymentPostprocessing = 0;
		};
		09C9EAAD1A635E77009081BF /* Frameworks */ = {
			isa = PBXFrameworksBuildPhase;
			buildActionMask = 2147483647;
			files = (
			);
			runOnlyForDeploymentPostprocessing = 0;
		};
/* End PBXFrameworksBuildPhase section */

/* Begin PBXGroup section */
		09BBA87E1A803830009634F0 /* Example classes */ = {
			isa = PBXGroup;
			children = (
				09C9EA9E1A635E77009081BF /* AppDelegate.h */,
				09C9EA9F1A635E77009081BF /* AppDelegate.m */,
				09C9EAA11A635E77009081BF /* ViewController.h */,
				09C9EAA21A635E77009081BF /* ViewController.m */,
			);
			name = "Example classes";
			sourceTree = "<group>";
		};
		09C9EA8E1A635E77009081BF = {
			isa = PBXGroup;
			children = (
				09C9EA991A635E77009081BF /* MMNavigationController */,
				09C9EAB31A635E77009081BF /* MMNavigationControllerTests */,
				09C9EA981A635E77009081BF /* Products */,
			);
			sourceTree = "<group>";
		};
		09C9EA981A635E77009081BF /* Products */ = {
			isa = PBXGroup;
			children = (
				09C9EA971A635E77009081BF /* MMNavigationController.app */,
				09C9EAB01A635E77009081BF /* MMNavigationControllerTests.xctest */,
			);
			name = Products;
			sourceTree = "<group>";
		};
		09C9EA991A635E77009081BF /* MMNavigationController */ = {
			isa = PBXGroup;
			children = (
				09BBA87E1A803830009634F0 /* Example classes */,
				09C9EAC01A635F0A009081BF /* MMNavigationController.h */,
				09C9EAC11A635F0A009081BF /* MMNavigationController.m */,
				09C9EAC31A636514009081BF /* MMSnapScrollView.h */,
				09C9EAC41A636514009081BF /* MMSnapScrollView.m */,
				09BBA87B1A800AFE009634F0 /* MMDecelerationAnimator.h */,
				09BBA87C1A800AFE009634F0 /* MMDecelerationAnimator.m */,
				097E58621A7836A000BCDA16 /* MMNavigationHeaderView.h */,
				097E58631A7836A000BCDA16 /* MMNavigationHeaderView.m */,
				0986F5151A78774A00BBA5FC /* MMNavigationFooterView.h */,
				0986F5161A78774A00BBA5FC /* MMNavigationFooterView.m */,
				09C9EAA71A635E77009081BF /* Images.xcassets */,
				09C9EA9A1A635E77009081BF /* Supporting Files */,
			);
			path = MMNavigationController;
			sourceTree = "<group>";
		};
		09C9EA9A1A635E77009081BF /* Supporting Files */ = {
			isa = PBXGroup;
			children = (
				09C9EA9B1A635E77009081BF /* Info.plist */,
				09C9EA9C1A635E77009081BF /* main.m */,
			);
			name = "Supporting Files";
			sourceTree = "<group>";
		};
		09C9EAB31A635E77009081BF /* MMNavigationControllerTests */ = {
			isa = PBXGroup;
			children = (
				09C9EAB61A635E77009081BF /* MMNavigationControllerTests.m */,
				09C9EAB41A635E77009081BF /* Supporting Files */,
			);
			path = MMNavigationControllerTests;
			sourceTree = "<group>";
		};
		09C9EAB41A635E77009081BF /* Supporting Files */ = {
			isa = PBXGroup;
			children = (
				09C9EAB51A635E77009081BF /* Info.plist */,
			);
			name = "Supporting Files";
			sourceTree = "<group>";
		};
/* End PBXGroup section */

/* Begin PBXNativeTarget section */
		09C9EA961A635E77009081BF /* MMNavigationController */ = {
			isa = PBXNativeTarget;
			buildConfigurationList = 09C9EABA1A635E77009081BF /* Build configuration list for PBXNativeTarget "MMNavigationController" */;
			buildPhases = (
				09C9EA931A635E77009081BF /* Sources */,
				09C9EA941A635E77009081BF /* Frameworks */,
				09C9EA951A635E77009081BF /* Resources */,
			);
			buildRules = (
			);
			dependencies = (
			);
			name = MMNavigationController;
			productName = MMNavigationController;
			productReference = 09C9EA971A635E77009081BF /* MMNavigationController.app */;
			productType = "com.apple.product-type.application";
		};
		09C9EAAF1A635E77009081BF /* MMNavigationControllerTests */ = {
			isa = PBXNativeTarget;
			buildConfigurationList = 09C9EABD1A635E77009081BF /* Build configuration list for PBXNativeTarget "MMNavigationControllerTests" */;
			buildPhases = (
				09C9EAAC1A635E77009081BF /* Sources */,
				09C9EAAD1A635E77009081BF /* Frameworks */,
				09C9EAAE1A635E77009081BF /* Resources */,
			);
			buildRules = (
			);
			dependencies = (
				09C9EAB21A635E77009081BF /* PBXTargetDependency */,
			);
			name = MMNavigationControllerTests;
			productName = MMNavigationControllerTests;
			productReference = 09C9EAB01A635E77009081BF /* MMNavigationControllerTests.xctest */;
			productType = "com.apple.product-type.bundle.unit-test";
		};
/* End PBXNativeTarget section */

/* Begin PBXProject section */
		09C9EA8F1A635E77009081BF /* Project object */ = {
			isa = PBXProject;
			attributes = {
				LastUpgradeCheck = 0610;
				ORGANIZATIONNAME = "Matías Martínez";
				TargetAttributes = {
					09C9EA961A635E77009081BF = {
						CreatedOnToolsVersion = 6.1.1;
						DevelopmentTeam = Z74X643W5T;
					};
					09C9EAAF1A635E77009081BF = {
						CreatedOnToolsVersion = 6.1.1;
						TestTargetID = 09C9EA961A635E77009081BF;
					};
				};
			};
			buildConfigurationList = 09C9EA921A635E77009081BF /* Build configuration list for PBXProject "MMNavigationController" */;
			compatibilityVersion = "Xcode 3.2";
			developmentRegion = English;
			hasScannedForEncodings = 0;
			knownRegions = (
				en,
				Base,
			);
			mainGroup = 09C9EA8E1A635E77009081BF;
			productRefGroup = 09C9EA981A635E77009081BF /* Products */;
			projectDirPath = "";
			projectRoot = "";
			targets = (
				09C9EA961A635E77009081BF /* MMNavigationController */,
				09C9EAAF1A635E77009081BF /* MMNavigationControllerTests */,
			);
		};
/* End PBXProject section */

/* Begin PBXResourcesBuildPhase section */
		09C9EA951A635E77009081BF /* Resources */ = {
			isa = PBXResourcesBuildPhase;
			buildActionMask = 2147483647;
			files = (
				09C9EAA81A635E77009081BF /* Images.xcassets in Resources */,
			);
			runOnlyForDeploymentPostprocessing = 0;
		};
		09C9EAAE1A635E77009081BF /* Resources */ = {
			isa = PBXResourcesBuildPhase;
			buildActionMask = 2147483647;
			files = (
			);
			runOnlyForDeploymentPostprocessing = 0;
		};
/* End PBXResourcesBuildPhase section */

/* Begin PBXSourcesBuildPhase section */
		09C9EA931A635E77009081BF /* Sources */ = {
			isa = PBXSourcesBuildPhase;
			buildActionMask = 2147483647;
			files = (
				09C9EAA31A635E77009081BF /* ViewController.m in Sources */,
				0986F5171A78774A00BBA5FC /* MMNavigationFooterView.m in Sources */,
				09C9EAC21A635F0A009081BF /* MMNavigationController.m in Sources */,
				09BBA87D1A800AFE009634F0 /* MMDecelerationAnimator.m in Sources */,
				09C9EAC51A636514009081BF /* MMSnapScrollView.m in Sources */,
				09C9EAA01A635E77009081BF /* AppDelegate.m in Sources */,
				09C9EA9D1A635E77009081BF /* main.m in Sources */,
				097E58641A7836A000BCDA16 /* MMNavigationHeaderView.m in Sources */,
			);
			runOnlyForDeploymentPostprocessing = 0;
		};
		09C9EAAC1A635E77009081BF /* Sources */ = {
			isa = PBXSourcesBuildPhase;
			buildActionMask = 2147483647;
			files = (
				09C9EAB71A635E77009081BF /* MMNavigationControllerTests.m in Sources */,
			);
			runOnlyForDeploymentPostprocessing = 0;
		};
/* End PBXSourcesBuildPhase section */

/* Begin PBXTargetDependency section */
		09C9EAB21A635E77009081BF /* PBXTargetDependency */ = {
			isa = PBXTargetDependency;
			target = 09C9EA961A635E77009081BF /* MMNavigationController */;
			targetProxy = 09C9EAB11A635E77009081BF /* PBXContainerItemProxy */;
		};
/* End PBXTargetDependency section */

/* Begin XCBuildConfiguration section */
		09C9EAB81A635E77009081BF /* Debug */ = {
			isa = XCBuildConfiguration;
			buildSettings = {
				ALWAYS_SEARCH_USER_PATHS = NO;
				CLANG_CXX_LANGUAGE_STANDARD = "gnu++0x";
				CLANG_CXX_LIBRARY = "libc++";
				CLANG_ENABLE_MODULES = YES;
				CLANG_ENABLE_OBJC_ARC = YES;
				CLANG_WARN_BOOL_CONVERSION = YES;
				CLANG_WARN_CONSTANT_CONVERSION = YES;
				CLANG_WARN_DIRECT_OBJC_ISA_USAGE = YES_ERROR;
				CLANG_WARN_EMPTY_BODY = YES;
				CLANG_WARN_ENUM_CONVERSION = YES;
				CLANG_WARN_INT_CONVERSION = YES;
				CLANG_WARN_OBJC_ROOT_CLASS = YES_ERROR;
				CLANG_WARN_UNREACHABLE_CODE = YES;
				CLANG_WARN__DUPLICATE_METHOD_MATCH = YES;
				"CODE_SIGN_IDENTITY[sdk=iphoneos*]" = "iPhone Developer";
				COPY_PHASE_STRIP = NO;
				ENABLE_STRICT_OBJC_MSGSEND = YES;
				GCC_C_LANGUAGE_STANDARD = gnu99;
				GCC_DYNAMIC_NO_PIC = NO;
				GCC_OPTIMIZATION_LEVEL = 0;
				GCC_PREPROCESSOR_DEFINITIONS = (
					"DEBUG=1",
					"$(inherited)",
				);
				GCC_SYMBOLS_PRIVATE_EXTERN = NO;
				GCC_WARN_64_TO_32_BIT_CONVERSION = YES;
				GCC_WARN_ABOUT_RETURN_TYPE = YES_ERROR;
				GCC_WARN_UNDECLARED_SELECTOR = YES;
				GCC_WARN_UNINITIALIZED_AUTOS = YES_AGGRESSIVE;
				GCC_WARN_UNUSED_FUNCTION = YES;
				GCC_WARN_UNUSED_VARIABLE = YES;
				IPHONEOS_DEPLOYMENT_TARGET = 8.1;
				MTL_ENABLE_DEBUG_INFO = YES;
				ONLY_ACTIVE_ARCH = YES;
				SDKROOT = iphoneos;
				TARGETED_DEVICE_FAMILY = "1,2";
			};
			name = Debug;
		};
		09C9EAB91A635E77009081BF /* Release */ = {
			isa = XCBuildConfiguration;
			buildSettings = {
				ALWAYS_SEARCH_USER_PATHS = NO;
				CLANG_CXX_LANGUAGE_STANDARD = "gnu++0x";
				CLANG_CXX_LIBRARY = "libc++";
				CLANG_ENABLE_MODULES = YES;
				CLANG_ENABLE_OBJC_ARC = YES;
				CLANG_WARN_BOOL_CONVERSION = YES;
				CLANG_WARN_CONSTANT_CONVERSION = YES;
				CLANG_WARN_DIRECT_OBJC_ISA_USAGE = YES_ERROR;
				CLANG_WARN_EMPTY_BODY = YES;
				CLANG_WARN_ENUM_CONVERSION = YES;
				CLANG_WARN_INT_CONVERSION = YES;
				CLANG_WARN_OBJC_ROOT_CLASS = YES_ERROR;
				CLANG_WARN_UNREACHABLE_CODE = YES;
				CLANG_WARN__DUPLICATE_METHOD_MATCH = YES;
				"CODE_SIGN_IDENTITY[sdk=iphoneos*]" = "iPhone Developer";
				COPY_PHASE_STRIP = YES;
				ENABLE_NS_ASSERTIONS = NO;
				ENABLE_STRICT_OBJC_MSGSEND = YES;
				GCC_C_LANGUAGE_STANDARD = gnu99;
				GCC_WARN_64_TO_32_BIT_CONVERSION = YES;
				GCC_WARN_ABOUT_RETURN_TYPE = YES_ERROR;
				GCC_WARN_UNDECLARED_SELECTOR = YES;
				GCC_WARN_UNINITIALIZED_AUTOS = YES_AGGRESSIVE;
				GCC_WARN_UNUSED_FUNCTION = YES;
				GCC_WARN_UNUSED_VARIABLE = YES;
				IPHONEOS_DEPLOYMENT_TARGET = 8.1;
				MTL_ENABLE_DEBUG_INFO = NO;
				SDKROOT = iphoneos;
				TARGETED_DEVICE_FAMILY = "1,2";
				VALIDATE_PRODUCT = YES;
			};
			name = Release;
		};
		09C9EABB1A635E77009081BF /* Debug */ = {
			isa = XCBuildConfiguration;
			buildSettings = {
				ASSETCATALOG_COMPILER_APPICON_NAME = AppIcon;
				CODE_SIGN_IDENTITY = "iPhone Developer";
				"CODE_SIGN_IDENTITY[sdk=iphoneos*]" = "iPhone Developer";
				INFOPLIST_FILE = MMNavigationController/Info.plist;
				LD_RUNPATH_SEARCH_PATHS = "$(inherited) @executable_path/Frameworks";
				PRODUCT_NAME = "$(TARGET_NAME)";
				PROVISIONING_PROFILE = "";
			};
			name = Debug;
		};
		09C9EABC1A635E77009081BF /* Release */ = {
			isa = XCBuildConfiguration;
			buildSettings = {
				ASSETCATALOG_COMPILER_APPICON_NAME = AppIcon;
				CODE_SIGN_IDENTITY = "iPhone Developer";
				"CODE_SIGN_IDENTITY[sdk=iphoneos*]" = "iPhone Developer";
				INFOPLIST_FILE = MMNavigationController/Info.plist;
				LD_RUNPATH_SEARCH_PATHS = "$(inherited) @executable_path/Frameworks";
				PRODUCT_NAME = "$(TARGET_NAME)";
				PROVISIONING_PROFILE = "";
			};
			name = Release;
		};
		09C9EABE1A635E77009081BF /* Debug */ = {
			isa = XCBuildConfiguration;
			buildSettings = {
				BUNDLE_LOADER = "$(TEST_HOST)";
				FRAMEWORK_SEARCH_PATHS = (
					"$(SDKROOT)/Developer/Library/Frameworks",
					"$(inherited)",
				);
				GCC_PREPROCESSOR_DEFINITIONS = (
					"DEBUG=1",
					"$(inherited)",
				);
				INFOPLIST_FILE = MMNavigationControllerTests/Info.plist;
				LD_RUNPATH_SEARCH_PATHS = "$(inherited) @executable_path/Frameworks @loader_path/Frameworks";
				PRODUCT_NAME = "$(TARGET_NAME)";
				TEST_HOST = "$(BUILT_PRODUCTS_DIR)/MMNavigationController.app/MMNavigationController";
			};
			name = Debug;
		};
		09C9EABF1A635E77009081BF /* Release */ = {
			isa = XCBuildConfiguration;
			buildSettings = {
				BUNDLE_LOADER = "$(TEST_HOST)";
				FRAMEWORK_SEARCH_PATHS = (
					"$(SDKROOT)/Developer/Library/Frameworks",
					"$(inherited)",
				);
				INFOPLIST_FILE = MMNavigationControllerTests/Info.plist;
				LD_RUNPATH_SEARCH_PATHS = "$(inherited) @executable_path/Frameworks @loader_path/Frameworks";
				PRODUCT_NAME = "$(TARGET_NAME)";
				TEST_HOST = "$(BUILT_PRODUCTS_DIR)/MMNavigationController.app/MMNavigationController";
			};
			name = Release;
		};
/* End XCBuildConfiguration section */

/* Begin XCConfigurationList section */
		09C9EA921A635E77009081BF /* Build configuration list for PBXProject "MMNavigationController" */ = {
			isa = XCConfigurationList;
			buildConfigurations = (
				09C9EAB81A635E77009081BF /* Debug */,
				09C9EAB91A635E77009081BF /* Release */,
			);
			defaultConfigurationIsVisible = 0;
			defaultConfigurationName = Release;
		};
		09C9EABA1A635E77009081BF /* Build configuration list for PBXNativeTarget "MMNavigationController" */ = {
			isa = XCConfigurationList;
			buildConfigurations = (
				09C9EABB1A635E77009081BF /* Debug */,
				09C9EABC1A635E77009081BF /* Release */,
			);
			defaultConfigurationIsVisible = 0;
			defaultConfigurationName = Release;
		};
		09C9EABD1A635E77009081BF /* Build configuration list for PBXNativeTarget "MMNavigationControllerTests" */ = {
			isa = XCConfigurationList;
			buildConfigurations = (
				09C9EABE1A635E77009081BF /* Debug */,
				09C9EABF1A635E77009081BF /* Release */,
			);
			defaultConfigurationIsVisible = 0;
			defaultConfigurationName = Release;
		};
/* End XCConfigurationList section */
	};
	rootObject = 09C9EA8F1A635E77009081BF /* Project object */;
}
